Microsoft Visual Studio Solution File, Format Version 12.00
# Visual Studio Version 16
VisualStudioVersion = 16.0.0.0
MinimumVisualStudioVersion = 16.0.0.0
Project("{9A19103F-16F7-4668-BE54-9A1E7A4F7556}") = "TagAuc", "TagAuc\TagAuc.csproj", "{BD5255C9-35B6-43C4-90EC-E54FC90E2BD4}"
EndProject
Project("{9A19103F-16F7-4668-BE54-9A1E7A4F7556}") = "TagAuc.Client", "TagAuc.Client\TagAuc.Client.csproj", "{9A87A219-9BA9-4339-8D75-AD0B14197079}"
EndProject
Global
	GlobalSection(SolutionConfigurationPlatforms) = preSolution
		Debug|Any CPU = Debug|Any CPU
		Debug|x64 = Debug|x64
		Debug|x86 = Debug|x86
		Release|Any CPU = Release|Any CPU
		Release|x64 = Release|x64
		Release|x86 = Release|x86
	EndGlobalSection
	GlobalSection(ProjectConfigurationPlatforms) = postSolution
		{9A87A219-9BA9-4339-8D75-AD0B14197079}.Debug|Any CPU.ActiveCfg = Debug|Any CPU
		{9A87A219-9BA9-4339-8D75-AD0B14197079}.Debug|Any CPU.Build.0 = Debug|Any CPU
		{9A87A219-9BA9-4339-8D75-AD0B14197079}.Debug|x64.ActiveCfg = Debug|Any CPU
		{9A87A219-9BA9-4339-8D75-AD0B14197079}.Debug|x64.Build.0 = Debug|Any CPU
		{9A87A219-9BA9-4339-8D75-AD0B14197079}.Debug|x86.ActiveCfg = Debug|Any CPU
		{9A87A219-9BA9-4339-8D75-AD0B14197079}.Debug|x86.Build.0 = Debug|Any CPU
		{9A87A219-9BA9-4339-8D75-AD0B14197079}.Release|Any CPU.ActiveCfg = Release|Any CPU
		{9A87A219-9BA9-4339-8D75-AD0B14197079}.Release|Any CPU.Build.0 = Release|Any CPU
		{9A87A219-9BA9-4339-8D75-AD0B14197079}.Release|x64.ActiveCfg = Release|Any CPU
		{9A87A219-9BA9-4339-8D75-AD0B14197079}.Release|x64.Build.0 = Release|Any CPU
		{9A87A219-9BA9-4339-8D75-AD0B14197079}.Release|x86.ActiveCfg = Release|Any CPU
		{9A87A219-9BA9-4339-8D75-AD0B14197079}.Release|x86.Build.0 = Release|Any CPU
		{BD5255C9-35B6-43C4-90EC-E54FC90E2BD4}.Debug|Any CPU.ActiveCfg = Debug|Any CPU
		{BD5255C9-35B6-43C4-90EC-E54FC90E2BD4}.Debug|Any CPU.Build.0 = Debug|Any CPU
		{BD5255C9-35B6-43C4-90EC-E54FC90E2BD4}.Debug|x64.ActiveCfg = Debug|Any CPU
		{BD5255C9-35B6-43C4-90EC-E54FC90E2BD4}.Debug|x64.Build.0 = Debug|Any CPU
		{BD5255C9-35B6-43C4-90EC-E54FC90E2BD4}.Debug|x86.ActiveCfg = Debug|Any CPU
		{BD5255C9-35B6-43C4-90EC-E54FC90E2BD4}.Debug|x86.Build.0 = Debug|Any CPU
		{BD5255C9-35B6-43C4-90EC-E54FC90E2BD4}.Release|Any CPU.ActiveCfg = Release|Any CPU
		{BD5255C9-35B6-43C4-90EC-E54FC90E2BD4}.Release|Any CPU.Build.0 = Release|Any CPU
		{BD5255C9-35B6-43C4-90EC-E54FC90E2BD4}.Release|x64.ActiveCfg = Release|Any CPU
		{BD5255C9-35B6-43C4-90EC-E54FC90E2BD4}.Release|x64.Build.0 = Release|Any CPU
		{BD5255C9-35B6-43C4-90EC-E54FC90E2BD4}.Release|x86.ActiveCfg = Release|Any CPU
		{BD5255C9-35B6-43C4-90EC-E54FC90E2BD4}.Release|x86.Build.0 = Release|Any CPU
	EndGlobalSection
	GlobalSection(SolutionProperties) = preSolution
		HideSolutionNode = FALSE
	EndGlobalSection
	GlobalSection(ExtensibilityGlobals) = postSolution
		SolutionGuid = {9ACED5B3-1AB8-4348-8979-786A9ED14F85}
	EndGlobalSection
EndGlobal
